{
  "name": "@xroadsed/delta-client",
  "version": "0.1.7",
  "lockfileVersion": 1,
  "requires": true,
  "dependencies": {
    "@types/handlebars": {
      "version": "4.0.37",
      "resolved": "https://registry.npmjs.org/@types/handlebars/-/handlebars-4.0.37.tgz",
      "integrity": "sha512-c/g99PQsJEFYdK3LT1qgPAZ61fu/oFOaEhov/6ZuUNMi1xQFbAOSThlX8fAQLf+QoGXtyv4S39OjIRXf3HkBtw==",
      "dev": true
    },
    "@types/jquery": {
      "version": "3.3.1",
      "resolved": "https://registry.npmjs.org/@types/jquery/-/jquery-3.3.1.tgz",
      "integrity": "sha512-N3h+rzN518yl2xKrW0o6KKdNmWZ+OwG6SoM5TBEQFF0tTv5wXPEsoOuYQ2Kt3/89XbcSZUJLdjiT/2c3BR/ApQ==",
      "dev": true
    },
    "@types/lodash": {
      "version": "4.14.108",
      "resolved": "https://registry.npmjs.org/@types/lodash/-/lodash-4.14.108.tgz",
      "integrity": "sha512-WD2vUOKfBBVHxWUV9iMR9RMfpuf8HquxWeAq2yqGVL7Nc4JW2+sQama0pREMqzNI3Tutj0PyxYUJwuoxxvX+xA==",
      "dev": true
    },
    "@types/navigo": {
      "version": "7.0.1",
      "resolved": "https://registry.npmjs.org/@types/navigo/-/navigo-7.0.1.tgz",
      "integrity": "sha512-auXcoS/pc39onGyf6fr2V3J3BEHUqH0a1Sa1psuGrVkCat+2D592DA7hdXY73lwCUyhGPzkf0lrcE5jH0OFeJg==",
      "dev": true
    },
    "@types/systemjs": {
      "version": "0.20.6",
      "resolved": "https://registry.npmjs.org/@types/systemjs/-/systemjs-0.20.6.tgz",
      "integrity": "sha512-p3yv9sBBJXi3noUG216BpUI7VtVBUAvBIfZNTiDROUY31YBfsFHM4DreS7XMekN8IjtX0ysvCnm6r3WnirnNeA==",
      "dev": true
    }
  }
}
